// !$*UTF8*$!
{
	archiveVersion = 1;
	classes = {
	};
	objectVersion = 50;
	objects = {

/* Begin PBXBuildFile section */
		DC167E6824DA908C00359659 /* AppDelegate.m in Sources */ = {isa = PBXBuildFile; fileRef = DC167E6724DA908C00359659 /* AppDelegate.m */; };
		DC167E6B24DA908C00359659 /* SceneDelegate.m in Sources */ = {isa = PBXBuildFile; fileRef = DC167E6A24DA908C00359659 /* SceneDelegate.m */; };
		DC167E7324DA908C00359659 /* Assets.xcassets in Resources */ = {isa = PBXBuildFile; fileRef = DC167E7224DA908C00359659 /* Assets.xcassets */; };
		DC167E7624DA908C00359659 /* LaunchScreen.storyboard in Resources */ = {isa = PBXBuildFile; fileRef = DC167E7424DA908C00359659 /* LaunchScreen.storyboard */; };
		DC167E7924DA908C00359659 /* main.m in Sources */ = {isa = PBXBuildFile; fileRef = DC167E7824DA908C00359659 /* main.m */; };
		DC167E8424DA915500359659 /* HomeViewController.m in Sources */ = {isa = PBXBuildFile; fileRef = DC167E8224DA915500359659 /* HomeViewController.m */; };
		DC167E8524DA915500359659 /* HomeViewController.xib in Resources */ = {isa = PBXBuildFile; fileRef = DC167E8324DA915500359659 /* HomeViewController.xib */; };
		DC167EF824DA9DEB00359659 /* GaoDisplayManager.m in Sources */ = {isa = PBXBuildFile; fileRef = DC167EF024DA9DEB00359659 /* GaoDisplayManager.m */; };
		DC167EF924DA9DEB00359659 /* GaoToastViewIl.xib in Resources */ = {isa = PBXBuildFile; fileRef = DC167EF524DA9DEB00359659 /* GaoToastViewIl.xib */; };
		DC167EFA24DA9DEB00359659 /* GaoToastViewIl.m in Sources */ = {isa = PBXBuildFile; fileRef = DC167EF624DA9DEB00359659 /* GaoToastViewIl.m */; };
		DC167EFB24DA9DEB00359659 /* warn.png in Resources */ = {isa = PBXBuildFile; fileRef = DC167EF724DA9DEB00359659 /* warn.png */; };
		DC8EDE97251C273000D385C5 /* GaoTvcLl.m in Sources */ = {isa = PBXBuildFile; fileRef = DC8EDE94251C273000D385C5 /* GaoTvcLl.m */; };
		DC8EDE98251C273000D385C5 /* GaoTvcLl.xib in Resources */ = {isa = PBXBuildFile; fileRef = DC8EDE95251C273000D385C5 /* GaoTvcLl.xib */; };
		DC8EDE9E251C277500D385C5 /* GaoDisplayStyle.m in Sources */ = {isa = PBXBuildFile; fileRef = DC8EDE9C251C277500D385C5 /* GaoDisplayStyle.m */; };
/* End PBXBuildFile section */

/* Begin PBXFileReference section */
		DC167E6324DA908C00359659 /* GaoDisplayManagerDemo.app */ = {isa = PBXFileReference; explicitFileType = wrapper.application; includeInIndex = 0; path = GaoDisplayManagerDemo.app; sourceTree = BUILT_PRODUCTS_DIR; };
		DC167E6624DA908C00359659 /* AppDelegate.h */ = {isa = PBXFileReference; lastKnownFileType = sourcecode.c.h; path = AppDelegate.h; sourceTree = "<group>"; };
		DC167E6724DA908C00359659 /* AppDelegate.m */ = {isa = PBXFileReference; lastKnownFileType = sourcecode.c.objc; path = AppDelegate.m; sourceTree = "<group>"; };
		DC167E6924DA908C00359659 /* SceneDelegate.h */ = {isa = PBXFileReference; lastKnownFileType = sourcecode.c.h; path = SceneDelegate.h; sourceTree = "<group>"; };
		DC167E6A24DA908C00359659 /* SceneDelegate.m */ = {isa = PBXFileReference; lastKnownFileType = sourcecode.c.objc; path = SceneDelegate.m; sourceTree = "<group>"; };
		DC167E7224DA908C00359659 /* Assets.xcassets */ = {isa = PBXFileReference; lastKnownFileType = folder.assetcatalog; path = Assets.xcassets; sourceTree = "<group>"; };
		DC167E7524DA908C00359659 /* Base */ = {isa = PBXFileReference; lastKnownFileType = file.storyboard; name = Base; path = Base.lproj/LaunchScreen.storyboard; sourceTree = "<group>"; };
		DC167E7724DA908C00359659 /* Info.plist */ = {isa = PBXFileReference; lastKnownFileType = text.plist.xml; path = Info.plist; sourceTree = "<group>"; };
		DC167E7824DA908C00359659 /* main.m */ = {isa = PBXFileReference; lastKnownFileType = sourcecode.c.objc; path = main.m; sourceTree = "<group>"; };
		DC167E8124DA915500359659 /* HomeViewController.h */ = {isa = PBXFileReference; lastKnownFileType = sourcecode.c.h; path = HomeViewController.h; sourceTree = "<group>"; };
		DC167E8224DA915500359659 /* HomeViewController.m */ = {isa = PBXFileReference; lastKnownFileType = sourcecode.c.objc; path = HomeViewController.m; sourceTree = "<group>"; };
		DC167E8324DA915500359659 /* HomeViewController.xib */ = {isa = PBXFileReference; lastKnownFileType = file.xib; path = HomeViewController.xib; sourceTree = "<group>"; };
		DC167EF024DA9DEB00359659 /* GaoDisplayManager.m */ = {isa = PBXFileReference; fileEncoding = 4; lastKnownFileType = sourcecode.c.objc; path = GaoDisplayManager.m; sourceTree = "<group>"; };
		DC167EF124DA9DEB00359659 /* GaoDisplayManager.h */ = {isa = PBXFileReference; fileEncoding = 4; lastKnownFileType = sourcecode.c.h; path = GaoDisplayManager.h; sourceTree = "<group>"; };
		DC167EF424DA9DEB00359659 /* GaoToastViewIl.h */ = {isa = PBXFileReference; fileEncoding = 4; lastKnownFileType = sourcecode.c.h; path = GaoToastViewIl.h; sourceTree = "<group>"; };
		DC167EF524DA9DEB00359659 /* GaoToastViewIl.xib */ = {isa = PBXFileReference; fileEncoding = 4; lastKnownFileType = file.xib; path = GaoToastViewIl.xib; sourceTree = "<group>"; };
		DC167EF624DA9DEB00359659 /* GaoToastViewIl.m */ = {isa = PBXFileReference; fileEncoding = 4; lastKnownFileType = sourcecode.c.objc; path = GaoToastViewIl.m; sourceTree = "<group>"; };
		DC167EF724DA9DEB00359659 /* warn.png */ = {isa = PBXFileReference; lastKnownFileType = image.png; path = warn.png; sourceTree = "<group>"; };
		DC8EDE94251C273000D385C5 /* GaoTvcLl.m */ = {isa = PBXFileReference; fileEncoding = 4; lastKnownFileType = sourcecode.c.objc; path = GaoTvcLl.m; sourceTree = "<group>"; };
		DC8EDE95251C273000D385C5 /* GaoTvcLl.xib */ = {isa = PBXFileReference; fileEncoding = 4; lastKnownFileType = file.xib; path = GaoTvcLl.xib; sourceTree = "<group>"; };
		DC8EDE96251C273000D385C5 /* GaoTvcLl.h */ = {isa = PBXFileReference; fileEncoding = 4; lastKnownFileType = sourcecode.c.h; path = GaoTvcLl.h; sourceTree = "<group>"; };
		DC8EDE9C251C277500D385C5 /* GaoDisplayStyle.m */ = {isa = PBXFileReference; fileEncoding = 4; lastKnownFileType = sourcecode.c.objc; path = GaoDisplayStyle.m; sourceTree = "<group>"; };
		DC8EDE9D251C277500D385C5 /* GaoDisplayStyle.h */ = {isa = PBXFileReference; fileEncoding = 4; lastKnownFileType = sourcecode.c.h; path = GaoDisplayStyle.h; sourceTree = "<group>"; };
/* End PBXFileReference section */

/* Begin PBXFrameworksBuildPhase section */
		DC167E6024DA908C00359659 /* Frameworks */ = {
			isa = PBXFrameworksBuildPhase;
			buildActionMask = 2147483647;
			files = (
			);
			runOnlyForDeploymentPostprocessing = 0;
		};
/* End PBXFrameworksBuildPhase section */

/* Begin PBXGroup section */
		DC167E5A24DA908C00359659 = {
			isa = PBXGroup;
			children = (
				DC167E6524DA908C00359659 /* GaoDisplayManagerDemo */,
				DC167E6424DA908C00359659 /* Products */,
			);
			sourceTree = "<group>";
		};
		DC167E6424DA908C00359659 /* Products */ = {
			isa = PBXGroup;
			children = (
				DC167E6324DA908C00359659 /* GaoDisplayManagerDemo.app */,
			);
			name = Products;
			sourceTree = "<group>";
		};
		DC167E6524DA908C00359659 /* GaoDisplayManagerDemo */ = {
			isa = PBXGroup;
			children = (
				DC167EED24DA9DEB00359659 /* GaoDisplayManager */,
				DC167EDE24DA9BA800359659 /* Utility */,
				DC167E7F24DA910600359659 /* Module */,
				DC167E6624DA908C00359659 /* AppDelegate.h */,
				DC167E6724DA908C00359659 /* AppDelegate.m */,
				DC167E6924DA908C00359659 /* SceneDelegate.h */,
				DC167E6A24DA908C00359659 /* SceneDelegate.m */,
				DC167E7224DA908C00359659 /* Assets.xcassets */,
				DC167E7424DA908C00359659 /* LaunchScreen.storyboard */,
				DC167E7724DA908C00359659 /* Info.plist */,
				DC167E7824DA908C00359659 /* main.m */,
			);
			path = GaoDisplayManagerDemo;
			sourceTree = "<group>";
		};
		DC167E7F24DA910600359659 /* Module */ = {
			isa = PBXGroup;
			children = (
				DC167E8024DA914000359659 /* HomeViewController */,
			);
			path = Module;
			sourceTree = "<group>";
		};
		DC167E8024DA914000359659 /* HomeViewController */ = {
			isa = PBXGroup;
			children = (
				DC167E8124DA915500359659 /* HomeViewController.h */,
				DC167E8224DA915500359659 /* HomeViewController.m */,
				DC167E8324DA915500359659 /* HomeViewController.xib */,
			);
			path = HomeViewController;
			sourceTree = "<group>";
		};
		DC167EDE24DA9BA800359659 /* Utility */ = {
			isa = PBXGroup;
			children = (
				DC167EDF24DA9BA800359659 /* ReferenceUtitlity */,
			);
			path = Utility;
			sourceTree = "<group>";
		};
		DC167EDF24DA9BA800359659 /* ReferenceUtitlity */ = {
			isa = PBXGroup;
			children = (
				DC8EDE93251C273000D385C5 /* GaoTvcLl_Master */,
			);
			path = ReferenceUtitlity;
			sourceTree = "<group>";
		};
		DC167EED24DA9DEB00359659 /* GaoDisplayManager */ = {
			isa = PBXGroup;
			children = (
				DC167EEE24DA9DEB00359659 /* GaoDisplayManager_Master */,
			);
			path = GaoDisplayManager;
			sourceTree = "<group>";
		};
		DC167EEE24DA9DEB00359659 /* GaoDisplayManager_Master */ = {
			isa = PBXGroup;
			children = (
				DC167EEF24DA9DEB00359659 /* GaoDisplayManager */,
				DC167EF224DA9DEB00359659 /* ToastView */,
			);
			path = GaoDisplayManager_Master;
			sourceTree = "<group>";
		};
		DC167EEF24DA9DEB00359659 /* GaoDisplayManager */ = {
			isa = PBXGroup;
			children = (
				DC8EDE9B251C277500D385C5 /* GaoDisplayStyle */,
				DC167EF124DA9DEB00359659 /* GaoDisplayManager.h */,
				DC167EF024DA9DEB00359659 /* GaoDisplayManager.m */,
			);
			path = GaoDisplayManager;
			sourceTree = "<group>";
		};
		DC167EF224DA9DEB00359659 /* ToastView */ = {
			isa = PBXGroup;
			children = (
				DC167EF324DA9DEB00359659 /* GaoToastViewIl */,
			);
			path = ToastView;
			sourceTree = "<group>";
		};
		DC167EF324DA9DEB00359659 /* GaoToastViewIl */ = {
			isa = PBXGroup;
			children = (
				DC167EF424DA9DEB00359659 /* GaoToastViewIl.h */,
				DC167EF524DA9DEB00359659 /* GaoToastViewIl.xib */,
				DC167EF624DA9DEB00359659 /* GaoToastViewIl.m */,
				DC167EF724DA9DEB00359659 /* warn.png */,
			);
			path = GaoToastViewIl;
			sourceTree = "<group>";
		};
		DC8EDE93251C273000D385C5 /* GaoTvcLl_Master */ = {
			isa = PBXGroup;
			children = (
				DC8EDE94251C273000D385C5 /* GaoTvcLl.m */,
				DC8EDE95251C273000D385C5 /* GaoTvcLl.xib */,
				DC8EDE96251C273000D385C5 /* GaoTvcLl.h */,
			);
			name = GaoTvcLl_Master;
			path = /Users/gikkiares/Desktop/0201_MyProject/06_MyLibProject/01_iOS/01_Prompt/01_GaoDisplayManager/03_Make/GaoDisplayManagerDemo/GaoDisplayManagerDemo/Utility/../../../../../../06_CommonUITableViewCell/UITableViewCell/GaoTvcLl_Master;
			sourceTree = "<absolute>";
		};
		DC8EDE9B251C277500D385C5 /* GaoDisplayStyle */ = {
			isa = PBXGroup;
			children = (
				DC8EDE9D251C277500D385C5 /* GaoDisplayStyle.h */,
				DC8EDE9C251C277500D385C5 /* GaoDisplayStyle.m */,
			);
			path = GaoDisplayStyle;
			sourceTree = "<group>";
		};
/* End PBXGroup section */

/* Begin PBXNativeTarget section */
		DC167E6224DA908C00359659 /* GaoDisplayManagerDemo */ = {
			isa = PBXNativeTarget;
			buildConfigurationList = DC167E7C24DA908C00359659 /* Build configuration list for PBXNativeTarget "GaoDisplayManagerDemo" */;
			buildPhases = (
				DC167E5F24DA908C00359659 /* Sources */,
				DC167E6024DA908C00359659 /* Frameworks */,
				DC167E6124DA908C00359659 /* Resources */,
			);
			buildRules = (
			);
			dependencies = (
			);
			name = GaoDisplayManagerDemo;
			productName = GaoDisplayManagerDemo;
			productReference = DC167E6324DA908C00359659 /* GaoDisplayManagerDemo.app */;
			productType = "com.apple.product-type.application";
		};
/* End PBXNativeTarget section */

/* Begin PBXProject section */
		DC167E5B24DA908C00359659 /* Project object */ = {
			isa = PBXProject;
			attributes = {
				LastUpgradeCheck = 1160;
				ORGANIZATIONNAME = vgemv;
				TargetAttributes = {
					DC167E6224DA908C00359659 = {
						CreatedOnToolsVersion = 11.6;
					};
				};
			};
			buildConfigurationList = DC167E5E24DA908C00359659 /* Build configuration list for PBXProject "GaoDisplayManagerDemo" */;
			compatibilityVersion = "Xcode 9.3";
			developmentRegion = en;
			hasScannedForEncodings = 0;
			knownRegions = (
				en,
				Base,
			);
			mainGroup = DC167E5A24DA908C00359659;
			productRefGroup = DC167E6424DA908C00359659 /* Products */;
			projectDirPath = "";
			projectRoot = "";
			targets = (
				DC167E6224DA908C00359659 /* GaoDisplayManagerDemo */,
			);
		};
/* End PBXProject section */

/* Begin PBXResourcesBuildPhase section */
		DC167E6124DA908C00359659 /* Resources */ = {
			isa = PBXResourcesBuildPhase;
			buildActionMask = 2147483647;
			files = (
				DC167EFB24DA9DEB00359659 /* warn.png in Resources */,
				DC8EDE98251C273000D385C5 /* GaoTvcLl.xib in Resources */,
				DC167E7624DA908C00359659 /* LaunchScreen.storyboard in Resources */,
				DC167E7324DA908C00359659 /* Assets.xcassets in Resources */,
				DC167E8524DA915500359659 /* HomeViewController.xib in Resources */,
				DC167EF924DA9DEB00359659 /* GaoToastViewIl.xib in Resources */,
			);
			runOnlyForDeploymentPostprocessing = 0;
		};
/* End PBXResourcesBuildPhase section */

/* Begin PBXSourcesBuildPhase section */
		DC167E5F24DA908C00359659 /* Sources */ = {
			isa = PBXSourcesBuildPhase;
			buildActionMask = 2147483647;
			files = (
				DC8EDE97251C273000D385C5 /* GaoTvcLl.m in Sources */,
				DC167EFA24DA9DEB00359659 /* GaoToastViewIl.m in Sources */,
				DC167E6824DA908C00359659 /* AppDelegate.m in Sources */,
				DC167E7924DA908C00359659 /* main.m in Sources */,
				DC167E6B24DA908C00359659 /* SceneDelegate.m in Sources */,
				DC167EF824DA9DEB00359659 /* GaoDisplayManager.m in Sources */,
				DC8EDE9E251C277500D385C5 /* GaoDisplayStyle.m in Sources */,
				DC167E8424DA915500359659 /* HomeViewController.m in Sources */,
			);
			runOnlyForDeploymentPostprocessing = 0;
		};
/* End PBXSourcesBuildPhase section */

/* Begin PBXVariantGroup section */
		DC167E7424DA908C00359659 /* LaunchScreen.storyboard */ = {
			isa = PBXVariantGroup;
			children = (
				DC167E7524DA908C00359659 /* Base */,
			);
			name = LaunchScreen.storyboard;
			sourceTree = "<group>";
		};
/* End PBXVariantGroup section */

/* Begin XCBuildConfiguration section */
		DC167E7A24DA908C00359659 /* Debug */ = {
			isa = XCBuildConfiguration;
			buildSettings = {
				ALWAYS_SEARCH_USER_PATHS = NO;
				CLANG_ANALYZER_NONNULL = YES;
				CLANG_ANALYZER_NUMBER_OBJECT_CONVERSION = YES_AGGRESSIVE;
				CLANG_CXX_LANGUAGE_STANDARD = "gnu++14";
				CLANG_CXX_LIBRARY = "libc++";
				CLANG_ENABLE_MODULES = YES;
				CLANG_ENABLE_OBJC_ARC = YES;
				CLANG_ENABLE_OBJC_WEAK = YES;
				CLANG_WARN_BLOCK_CAPTURE_AUTORELEASING = YES;
				CLANG_WARN_BOOL_CONVERSION = YES;
				CLANG_WARN_COMMA = YES;
				CLANG_WARN_CONSTANT_CONVERSION = YES;
				CLANG_WARN_DEPRECATED_OBJC_IMPLEMENTATIONS = YES;
				CLANG_WARN_DIRECT_OBJC_ISA_USAGE = YES_ERROR;
				CLANG_WARN_DOCUMENTATION_COMMENTS = YES;
				CLANG_WARN_EMPTY_BODY = YES;
				CLANG_WARN_ENUM_CONVERSION = YES;
				CLANG_WARN_INFINITE_RECURSION = YES;
				CLANG_WARN_INT_CONVERSION = YES;
				CLANG_WARN_NON_LITERAL_NULL_CONVERSION = YES;
				CLANG_WARN_OBJC_IMPLICIT_RETAIN_SELF = YES;
				CLANG_WARN_OBJC_LITERAL_CONVERSION = YES;
				CLANG_WARN_OBJC_ROOT_CLASS = YES_ERROR;
				CLANG_WARN_RANGE_LOOP_ANALYSIS = YES;
				CLANG_WARN_STRICT_PROTOTYPES = YES;
				CLANG_WARN_SUSPICIOUS_MOVE = YES;
				CLANG_WARN_UNGUARDED_AVAILABILITY = YES_AGGRESSIVE;
				CLANG_WARN_UNREACHABLE_CODE = YES;
				CLANG_WARN__DUPLICATE_METHOD_MATCH = YES;
				COPY_PHASE_STRIP = NO;
				DEBUG_INFORMATION_FORMAT = dwarf;
				ENABLE_STRICT_OBJC_MSGSEND = YES;
				ENABLE_TESTABILITY = YES;
				GCC_C_LANGUAGE_STANDARD = gnu11;
				GCC_DYNAMIC_NO_PIC = NO;
				GCC_NO_COMMON_BLOCKS = YES;
				GCC_OPTIMIZATION_LEVEL = 0;
				GCC_PREPROCESSOR_DEFINITIONS = (
					"DEBUG=1",
					"$(inherited)",
				);
				GCC_WARN_64_TO_32_BIT_CONVERSION = YES;
				GCC_WARN_ABOUT_RETURN_TYPE = YES_ERROR;
				GCC_WARN_UNDECLARED_SELECTOR = YES;
				GCC_WARN_UNINITIALIZED_AUTOS = YES_AGGRESSIVE;
				GCC_WARN_UNUSED_FUNCTION = YES;
				GCC_WARN_UNUSED_VARIABLE = YES;
				IPHONEOS_DEPLOYMENT_TARGET = 13.6;
				MTL_ENABLE_DEBUG_INFO = INCLUDE_SOURCE;
				MTL_FAST_MATH = YES;
				ONLY_ACTIVE_ARCH = YES;
				SDKROOT = iphoneos;
			};
			name = Debug;
		};
		DC167E7B24DA908C00359659 /* Release */ = {
			isa = XCBuildConfiguration;
			buildSettings = {
				ALWAYS_SEARCH_USER_PATHS = NO;
				CLANG_ANALYZER_NONNULL = YES;
				CLANG_ANALYZER_NUMBER_OBJECT_CONVERSION = YES_AGGRESSIVE;
				CLANG_CXX_LANGUAGE_STANDARD = "gnu++14";
				CLANG_CXX_LIBRARY = "libc++";
				CLANG_ENABLE_MODULES = YES;
				CLANG_ENABLE_OBJC_ARC = YES;
				CLANG_ENABLE_OBJC_WEAK = YES;
				CLANG_WARN_BLOCK_CAPTURE_AUTORELEASING = YES;
				CLANG_WARN_BOOL_CONVERSION = YES;
				CLANG_WARN_COMMA = YES;
				CLANG_WARN_CONSTANT_CONVERSION = YES;
				CLANG_WARN_DEPRECATED_OBJC_IMPLEMENTATIONS = YES;
				CLANG_WARN_DIRECT_OBJC_ISA_USAGE = YES_ERROR;
				CLANG_WARN_DOCUMENTATION_COMMENTS = YES;
				CLANG_WARN_EMPTY_BODY = YES;
				CLANG_WARN_ENUM_CONVERSION = YES;
				CLANG_WARN_INFINITE_RECURSION = YES;
				CLANG_WARN_INT_CONVERSION = YES;
				CLANG_WARN_NON_LITERAL_NULL_CONVERSION = YES;
				CLANG_WARN_OBJC_IMPLICIT_RETAIN_SELF = YES;
				CLANG_WARN_OBJC_LITERAL_CONVERSION = YES;
				CLANG_WARN_OBJC_ROOT_CLASS = YES_ERROR;
				CLANG_WARN_RANGE_LOOP_ANALYSIS = YES;
				CLANG_WARN_STRICT_PROTOTYPES = YES;
				CLANG_WARN_SUSPICIOUS_MOVE = YES;
				CLANG_WARN_UNGUARDED_AVAILABILITY = YES_AGGRESSIVE;
				CLANG_WARN_UNREACHABLE_CODE = YES;
				CLANG_WARN__DUPLICATE_METHOD_MATCH = YES;
				COPY_PHASE_STRIP = NO;
				DEBUG_INFORMATION_FORMAT = "dwarf-with-dsym";
				ENABLE_NS_ASSERTIONS = NO;
				ENABLE_STRICT_OBJC_MSGSEND = YES;
				GCC_C_LANGUAGE_STANDARD = gnu11;
				GCC_NO_COMMON_BLOCKS = YES;
				GCC_WARN_64_TO_32_BIT_CONVERSION = YES;
				GCC_WARN_ABOUT_RETURN_TYPE = YES_ERROR;
				GCC_WARN_UNDECLARED_SELECTOR = YES;
				GCC_WARN_UNINITIALIZED_AUTOS = YES_AGGRESSIVE;
				GCC_WARN_UNUSED_FUNCTION = YES;
				GCC_WARN_UNUSED_VARIABLE = YES;
				IPHONEOS_DEPLOYMENT_TARGET = 13.6;
				MTL_ENABLE_DEBUG_INFO = NO;
				MTL_FAST_MATH = YES;
				SDKROOT = iphoneos;
				VALIDATE_PRODUCT = YES;
			};
			name = Release;
		};
		DC167E7D24DA908C00359659 /* Debug */ = {
			isa = XCBuildConfiguration;
			buildSettings = {
				ASSETCATALOG_COMPILER_APPICON_NAME = AppIcon;
				CODE_SIGN_STYLE = Automatic;
				DEVELOPMENT_TEAM = 726NDCHRGU;
				INFOPLIST_FILE = GaoDisplayManagerDemo/Info.plist;
				LD_RUNPATH_SEARCH_PATHS = (
					"$(inherited)",
					"@executable_path/Frameworks",
				);
				PRODUCT_BUNDLE_IDENTIFIER = vgemv.GaoDisplayManagerDemo;
				PRODUCT_NAME = "$(TARGET_NAME)";
				TARGETED_DEVICE_FAMILY = "1,2";
			};
			name = Debug;
		};
		DC167E7E24DA908C00359659 /* Release */ = {
			isa = XCBuildConfiguration;
			buildSettings = {
				ASSETCATALOG_COMPILER_APPICON_NAME = AppIcon;
				CODE_SIGN_STYLE = Automatic;
				DEVELOPMENT_TEAM = 726NDCHRGU;
				INFOPLIST_FILE = GaoDisplayManagerDemo/Info.plist;
				LD_RUNPATH_SEARCH_PATHS = (
					"$(inherited)",
					"@executable_path/Frameworks",
				);
				PRODUCT_BUNDLE_IDENTIFIER = vgemv.GaoDisplayManagerDemo;
				PRODUCT_NAME = "$(TARGET_NAME)";
				TARGETED_DEVICE_FAMILY = "1,2";
			};
			name = Release;
		};
/* End XCBuildConfiguration section */

/* Begin XCConfigurationList section */
		DC167E5E24DA908C00359659 /* Build configuration list for PBXProject "GaoDisplayManagerDemo" */ = {
			isa = XCConfigurationList;
			buildConfigurations = (
				DC167E7A24DA908C00359659 /* Debug */,
				DC167E7B24DA908C00359659 /* Release */,
			);
			defaultConfigurationIsVisible = 0;
			defaultConfigurationName = Release;
		};
		DC167E7C24DA908C00359659 /* Build configuration list for PBXNativeTarget "GaoDisplayManagerDemo" */ = {
			isa = XCConfigurationList;
			buildConfigurations = (
				DC167E7D24DA908C00359659 /* Debug */,
				DC167E7E24DA908C00359659 /* Release */,
			);
			defaultConfigurationIsVisible = 0;
			defaultConfigurationName = Release;
		};
/* End XCConfigurationList section */
	};
	rootObject = DC167E5B24DA908C00359659 /* Project object */;
}
